
Microsoft Visual Studio Solution File, Format Version 12.00
# Visual Studio 15
VisualStudioVersion = 15.0.28307.1022
MinimumVisualStudioVersion = 10.0.40219.1
Project("{FAE04EC0-301F-11D3-BF4B-00C04F79EFBC}") = "Calculator", "Calculator\Calculator.csproj", "{AE85315D-DEF0-431D-A0F0-7990B8F727EB}"
EndProject
Global
	GlobalSection(SolutionConfigurationPlatforms) = preSolution
		Debug|Any CPU = Debug|Any CPU
		Release|Any CPU = Release|Any CPU
	EndGlobalSection
	GlobalSection(ProjectConfigurationPlatforms) = postSolution
		{AE85315D-DEF0-431D-A0F0-7990B8F727EB}.Debug|Any CPU.ActiveCfg = Debug|Any CPU
		{AE85315D-DEF0-431D-A0F0-7990B8F727EB}.Debug|Any CPU.Build.0 = Debug|Any CPU
		{AE85315D-DEF0-431D-A0F0-7990B8F727EB}.Release|Any CPU.ActiveCfg = Release|Any CPU
		{AE85315D-DEF0-431D-A0F0-7990B8F727EB}.Release|Any CPU.Build.0 = Release|Any CPU
	EndGlobalSection
	GlobalSection(SolutionProperties) = preSolution
		HideSolutionNode = FALSE
	EndGlobalSection
	GlobalSection(ExtensibilityGlobals) = postSolution
		SolutionGuid = {C253DBA2-6B21-4BF0-995E-7F9ECD9C88D6}
	EndGlobalSection
EndGlobal
